github.com/franela/goblin v0.0.0-20181003173013-ead4ad1d2727 h1:eouy4stZdUKn7n98c1+rdUTxWMg+jvhP+oHt0K8fiug=
github.com/franela/goblin v0.0.0-20181003173013-ead4ad1d2727/go.mod h1:7dvUGVsVBjqR7JHJk0brhHOZYGmfBYOrK0ZhYMEtBr4=
github.com/mailru/easyjson v0.0.0-20190626092158-b2ccc519800e h1:hB2xlXdHp/pmPZq0y3QnmWAArdw9PqbmotexnWx/FU8=
github.com/mailru/easyjson v0.0.0-20190626092158-b2ccc519800e/go.mod h1:C1wdFJiN94OJF2b5HbByQZoLdCWB1Yqtg26g4irojpc=
